
Microsoft Visual Studio Solution File, Format Version 12.00
# Visual Studio Version 17
VisualStudioVersion = 17.8.34525.116
MinimumVisualStudioVersion = 10.0.40219.1
Project("{888888A0-9F3D-457C-B088-3A5042F75D52}") = "DMResourceHub", "DMResourceHub.pyproj", "{F99A26AA-869E-4DDF-8A73-795DCA373D73}"
EndProject
Global
	GlobalSection(SolutionConfigurationPlatforms) = preSolution
		Debug|Any CPU = Debug|Any CPU
		Release|Any CPU = Release|Any CPU
	EndGlobalSection
	GlobalSection(ProjectConfigurationPlatforms) = postSolution
		{F99A26AA-869E-4DDF-8A73-795DCA373D73}.Debug|Any CPU.ActiveCfg = Debug|Any CPU
		{F99A26AA-869E-4DDF-8A73-795DCA373D73}.Release|Any CPU.ActiveCfg = Release|Any CPU
	EndGlobalSection
	GlobalSection(SolutionProperties) = preSolution
		HideSolutionNode = FALSE
	EndGlobalSection
	GlobalSection(ExtensibilityGlobals) = postSolution
		SolutionGuid = {B6650E5F-9320-4774-B2DE-D33585E77B3E}
	EndGlobalSection
EndGlobal
